
Microsoft Visual Studio Solution File, Format Version 12.00
# Visual Studio Version 17
VisualStudioVersion = 17.0.32014.148
MinimumVisualStudioVersion = 10.0.40219.1
Project("{FAE04EC0-301F-11D3-BF4B-00C04F79EFBC}") = "RegexUserRegistration", "RegexUserRegistration.csproj", "{DC48A3F5-CBC8-481D-A28E-F96942386B3C}"
EndProject
Global
	GlobalSection(SolutionConfigurationPlatforms) = preSolution
		Debug|Any CPU = Debug|Any CPU
		Release|Any CPU = Release|Any CPU
	EndGlobalSection
	GlobalSection(ProjectConfigurationPlatforms) = postSolution
		{DC48A3F5-CBC8-481D-A28E-F96942386B3C}.Debug|Any CPU.ActiveCfg = Debug|Any CPU
		{DC48A3F5-CBC8-481D-A28E-F96942386B3C}.Debug|Any CPU.Build.0 = Debug|Any CPU
		{DC48A3F5-CBC8-481D-A28E-F96942386B3C}.Release|Any CPU.ActiveCfg = Release|Any CPU
		{DC48A3F5-CBC8-481D-A28E-F96942386B3C}.Release|Any CPU.Build.0 = Release|Any CPU
	EndGlobalSection
	GlobalSection(SolutionProperties) = preSolution
		HideSolutionNode = FALSE
	EndGlobalSection
	GlobalSection(ExtensibilityGlobals) = postSolution
		SolutionGuid = {0C27530F-AB51-4912-BC22-E68366C8B001}
	EndGlobalSection
EndGlobal
